
Microsoft Visual Studio Solution File, Format Version 12.00
# Visual Studio 15
VisualStudioVersion = 15.0.26730.12
MinimumVisualStudioVersion = 10.0.40219.1
Project("{FAE04EC0-301F-11D3-BF4B-00C04F79EFBC}") = "Event", "CShrap\Event.csproj", "{A7A6DE68-787D-4701-A123-D1BFFECF4C97}"
EndProject
Project("{FAE04EC0-301F-11D3-BF4B-00C04F79EFBC}") = "Delegate", "Delegate\Delegate.csproj", "{F23808E9-82E9-4D4E-BF96-610DCEBFBFF5}"
EndProject
Project("{FAE04EC0-301F-11D3-BF4B-00C04F79EFBC}") = "Generics", "Generics\Generics.csproj", "{27371BBF-6DDC-47B7-AF7B-2728871DD4F1}"
EndProject
Project("{2150E333-8FDC-42A3-9474-1A3956D46DE8}") = "DesignPatterns", "DesignPatterns", "{97C7D261-AB81-4CB9-8253-48A89D42429B}"
EndProject
Project("{FAE04EC0-301F-11D3-BF4B-00C04F79EFBC}") = "FactoryPattern", "DesignPatterns\FactoryPattern\FactoryPattern.csproj", "{C6462405-588D-4FEA-9945-10AC9407E8AA}"
EndProject
Project("{FAE04EC0-301F-11D3-BF4B-00C04F79EFBC}") = "AbstractFactory", "DesignPatterns\AbstractFactory\AbstractFactory.csproj", "{951C4962-DC28-47B2-AAC8-BEBB6F5A11BA}"
EndProject
Project("{FAE04EC0-301F-11D3-BF4B-00C04F79EFBC}") = "Singleton", "DesignPatterns\Singleton\Singleton.csproj", "{65FE7A66-E0D1-464B-97AB-A1F8B77720DA}"
EndProject
Global
	GlobalSection(SolutionConfigurationPlatforms) = preSolution
		Debug|Any CPU = Debug|Any CPU
		Release|Any CPU = Release|Any CPU
	EndGlobalSection
	GlobalSection(ProjectConfigurationPlatforms) = postSolution
		{A7A6DE68-787D-4701-A123-D1BFFECF4C97}.Debug|Any CPU.ActiveCfg = Debug|Any CPU
		{A7A6DE68-787D-4701-A123-D1BFFECF4C97}.Debug|Any CPU.Build.0 = Debug|Any CPU
		{A7A6DE68-787D-4701-A123-D1BFFECF4C97}.Release|Any CPU.ActiveCfg = Release|Any CPU
		{A7A6DE68-787D-4701-A123-D1BFFECF4C97}.Release|Any CPU.Build.0 = Release|Any CPU
		{F23808E9-82E9-4D4E-BF96-610DCEBFBFF5}.Debug|Any CPU.ActiveCfg = Debug|Any CPU
		{F23808E9-82E9-4D4E-BF96-610DCEBFBFF5}.Debug|Any CPU.Build.0 = Debug|Any CPU
		{F23808E9-82E9-4D4E-BF96-610DCEBFBFF5}.Release|Any CPU.ActiveCfg = Release|Any CPU
		{F23808E9-82E9-4D4E-BF96-610DCEBFBFF5}.Release|Any CPU.Build.0 = Release|Any CPU
		{27371BBF-6DDC-47B7-AF7B-2728871DD4F1}.Debug|Any CPU.ActiveCfg = Debug|Any CPU
		{27371BBF-6DDC-47B7-AF7B-2728871DD4F1}.Debug|Any CPU.Build.0 = Debug|Any CPU
		{27371BBF-6DDC-47B7-AF7B-2728871DD4F1}.Release|Any CPU.ActiveCfg = Release|Any CPU
		{27371BBF-6DDC-47B7-AF7B-2728871DD4F1}.Release|Any CPU.Build.0 = Release|Any CPU
		{C6462405-588D-4FEA-9945-10AC9407E8AA}.Debug|Any CPU.ActiveCfg = Debug|Any CPU
		{C6462405-588D-4FEA-9945-10AC9407E8AA}.Debug|Any CPU.Build.0 = Debug|Any CPU
		{C6462405-588D-4FEA-9945-10AC9407E8AA}.Release|Any CPU.ActiveCfg = Release|Any CPU
		{C6462405-588D-4FEA-9945-10AC9407E8AA}.Release|Any CPU.Build.0 = Release|Any CPU
		{951C4962-DC28-47B2-AAC8-BEBB6F5A11BA}.Debug|Any CPU.ActiveCfg = Debug|Any CPU
		{951C4962-DC28-47B2-AAC8-BEBB6F5A11BA}.Debug|Any CPU.Build.0 = Debug|Any CPU
		{951C4962-DC28-47B2-AAC8-BEBB6F5A11BA}.Release|Any CPU.ActiveCfg = Release|Any CPU
		{951C4962-DC28-47B2-AAC8-BEBB6F5A11BA}.Release|Any CPU.Build.0 = Release|Any CPU
		{65FE7A66-E0D1-464B-97AB-A1F8B77720DA}.Debug|Any CPU.ActiveCfg = Debug|Any CPU
		{65FE7A66-E0D1-464B-97AB-A1F8B77720DA}.Debug|Any CPU.Build.0 = Debug|Any CPU
		{65FE7A66-E0D1-464B-97AB-A1F8B77720DA}.Release|Any CPU.ActiveCfg = Release|Any CPU
		{65FE7A66-E0D1-464B-97AB-A1F8B77720DA}.Release|Any CPU.Build.0 = Release|Any CPU
	EndGlobalSection
	GlobalSection(SolutionProperties) = preSolution
		HideSolutionNode = FALSE
	EndGlobalSection
	GlobalSection(NestedProjects) = preSolution
		{C6462405-588D-4FEA-9945-10AC9407E8AA} = {97C7D261-AB81-4CB9-8253-48A89D42429B}
		{951C4962-DC28-47B2-AAC8-BEBB6F5A11BA} = {97C7D261-AB81-4CB9-8253-48A89D42429B}
		{65FE7A66-E0D1-464B-97AB-A1F8B77720DA} = {97C7D261-AB81-4CB9-8253-48A89D42429B}
	EndGlobalSection
	GlobalSection(ExtensibilityGlobals) = postSolution
		SolutionGuid = {E29687B1-F0AF-4D5C-A547-08B96113CEFB}
	EndGlobalSection
EndGlobal
