
Microsoft Visual Studio Solution File, Format Version 12.00
# Visual Studio 15
VisualStudioVersion = 15.0.26430.15
MinimumVisualStudioVersion = 10.0.40219.1
Project("{FAE04EC0-301F-11D3-BF4B-00C04F79EFBC}") = "Event", "CShrap\Event.csproj", "{A7A6DE68-787D-4701-A123-D1BFFECF4C97}"
EndProject
Project("{FAE04EC0-301F-11D3-BF4B-00C04F79EFBC}") = "Delegate", "Delegate\Delegate.csproj", "{F23808E9-82E9-4D4E-BF96-610DCEBFBFF5}"
EndProject
Project("{FAE04EC0-301F-11D3-BF4B-00C04F79EFBC}") = "Generics", "Generics\Generics.csproj", "{27371BBF-6DDC-47B7-AF7B-2728871DD4F1}"
EndProject
Global
	GlobalSection(SolutionConfigurationPlatforms) = preSolution
		Debug|Any CPU = Debug|Any CPU
		Release|Any CPU = Release|Any CPU
	EndGlobalSection
	GlobalSection(ProjectConfigurationPlatforms) = postSolution
		{A7A6DE68-787D-4701-A123-D1BFFECF4C97}.Debug|Any CPU.ActiveCfg = Debug|Any CPU
		{A7A6DE68-787D-4701-A123-D1BFFECF4C97}.Debug|Any CPU.Build.0 = Debug|Any CPU
		{A7A6DE68-787D-4701-A123-D1BFFECF4C97}.Release|Any CPU.ActiveCfg = Release|Any CPU
		{A7A6DE68-787D-4701-A123-D1BFFECF4C97}.Release|Any CPU.Build.0 = Release|Any CPU
		{F23808E9-82E9-4D4E-BF96-610DCEBFBFF5}.Debug|Any CPU.ActiveCfg = Debug|Any CPU
		{F23808E9-82E9-4D4E-BF96-610DCEBFBFF5}.Debug|Any CPU.Build.0 = Debug|Any CPU
		{F23808E9-82E9-4D4E-BF96-610DCEBFBFF5}.Release|Any CPU.ActiveCfg = Release|Any CPU
		{F23808E9-82E9-4D4E-BF96-610DCEBFBFF5}.Release|Any CPU.Build.0 = Release|Any CPU
		{27371BBF-6DDC-47B7-AF7B-2728871DD4F1}.Debug|Any CPU.ActiveCfg = Debug|Any CPU
		{27371BBF-6DDC-47B7-AF7B-2728871DD4F1}.Debug|Any CPU.Build.0 = Debug|Any CPU
		{27371BBF-6DDC-47B7-AF7B-2728871DD4F1}.Release|Any CPU.ActiveCfg = Release|Any CPU
		{27371BBF-6DDC-47B7-AF7B-2728871DD4F1}.Release|Any CPU.Build.0 = Release|Any CPU
	EndGlobalSection
	GlobalSection(SolutionProperties) = preSolution
		HideSolutionNode = FALSE
	EndGlobalSection
EndGlobal
