
Microsoft Visual Studio Solution File, Format Version 12.00
# Visual Studio 15
VisualStudioVersion = 15.0.26228.4
MinimumVisualStudioVersion = 10.0.40219.1
Project("{FAE04EC0-301F-11D3-BF4B-00C04F79EFBC}") = "Event", "Event\Event.csproj", "{A7A6DE68-787D-4701-A123-D1BFFECF4C97}"
EndProject
Project("{FAE04EC0-301F-11D3-BF4B-00C04F79EFBC}") = "Delegate", "Delegate\Delegate.csproj", "{F23808E9-82E9-4D4E-BF96-610DCEBFBFF5}"
EndProject
Project("{FAE04EC0-301F-11D3-BF4B-00C04F79EFBC}") = "Generics", "Generics\Generics.csproj", "{27371BBF-6DDC-47B7-AF7B-2728871DD4F1}"
EndProject
Project("{2150E333-8FDC-42A3-9474-1A3956D46DE8}") = "DesignPatterns", "DesignPatterns", "{97C7D261-AB81-4CB9-8253-48A89D42429B}"
EndProject
Project("{FAE04EC0-301F-11D3-BF4B-00C04F79EFBC}") = "FactoryPattern", "DesignPatterns\FactoryPattern\FactoryPattern.csproj", "{C6462405-588D-4FEA-9945-10AC9407E8AA}"
EndProject
Project("{FAE04EC0-301F-11D3-BF4B-00C04F79EFBC}") = "AbstractFactory", "DesignPatterns\AbstractFactory\AbstractFactory.csproj", "{951C4962-DC28-47B2-AAC8-BEBB6F5A11BA}"
EndProject
Project("{FAE04EC0-301F-11D3-BF4B-00C04F79EFBC}") = "Singleton", "DesignPatterns\Singleton\Singleton.csproj", "{65FE7A66-E0D1-464B-97AB-A1F8B77720DA}"
EndProject
Project("{2150E333-8FDC-42A3-9474-1A3956D46DE8}") = "Creational", "Creational", "{F3444059-9644-4253-9290-58DFA6BBC160}"
EndProject
Project("{2150E333-8FDC-42A3-9474-1A3956D46DE8}") = "Structural", "Structural", "{47C40DCD-7831-4118-9D24-28098C926968}"
EndProject
Project("{2150E333-8FDC-42A3-9474-1A3956D46DE8}") = "Behavioral", "Behavioral", "{9D436F41-B7EC-41C2-A3DA-C86C952CD510}"
EndProject
Project("{FAE04EC0-301F-11D3-BF4B-00C04F79EFBC}") = "Asynchronous", "Asynchronous\Asynchronous.csproj", "{9C0C496F-68DB-4968-A910-8E6B6DF6DCD5}"
EndProject
Project("{FAE04EC0-301F-11D3-BF4B-00C04F79EFBC}") = "Specflow", "Specflow\Specflow.csproj", "{BB7DEB14-71A2-4D74-8524-3C5E30270692}"
EndProject
Project("{2150E333-8FDC-42A3-9474-1A3956D46DE8}") = "Animal", "Animal", "{158217AE-FCBC-4333-B928-0D9FF58AD430}"
EndProject
Project("{FAE04EC0-301F-11D3-BF4B-00C04F79EFBC}") = "AbstractFactory", "TestAbstractFactory\AbstractFactory.csproj", "{27A2B0F1-40DD-4932-B3A8-EA7850EF5FE1}"
EndProject
Project("{FAE04EC0-301F-11D3-BF4B-00C04F79EFBC}") = "Builder", "Builder\Builder.csproj", "{E67D2EBB-BBA0-479E-B524-84CC977FA38E}"
EndProject
Global
	GlobalSection(SolutionConfigurationPlatforms) = preSolution
		Debug|Any CPU = Debug|Any CPU
		Release|Any CPU = Release|Any CPU
	EndGlobalSection
	GlobalSection(ProjectConfigurationPlatforms) = postSolution
		{A7A6DE68-787D-4701-A123-D1BFFECF4C97}.Debug|Any CPU.ActiveCfg = Debug|Any CPU
		{A7A6DE68-787D-4701-A123-D1BFFECF4C97}.Debug|Any CPU.Build.0 = Debug|Any CPU
		{A7A6DE68-787D-4701-A123-D1BFFECF4C97}.Release|Any CPU.ActiveCfg = Release|Any CPU
		{A7A6DE68-787D-4701-A123-D1BFFECF4C97}.Release|Any CPU.Build.0 = Release|Any CPU
		{F23808E9-82E9-4D4E-BF96-610DCEBFBFF5}.Debug|Any CPU.ActiveCfg = Debug|Any CPU
		{F23808E9-82E9-4D4E-BF96-610DCEBFBFF5}.Debug|Any CPU.Build.0 = Debug|Any CPU
		{F23808E9-82E9-4D4E-BF96-610DCEBFBFF5}.Release|Any CPU.ActiveCfg = Release|Any CPU
		{F23808E9-82E9-4D4E-BF96-610DCEBFBFF5}.Release|Any CPU.Build.0 = Release|Any CPU
		{27371BBF-6DDC-47B7-AF7B-2728871DD4F1}.Debug|Any CPU.ActiveCfg = Debug|Any CPU
		{27371BBF-6DDC-47B7-AF7B-2728871DD4F1}.Debug|Any CPU.Build.0 = Debug|Any CPU
		{27371BBF-6DDC-47B7-AF7B-2728871DD4F1}.Release|Any CPU.ActiveCfg = Release|Any CPU
		{27371BBF-6DDC-47B7-AF7B-2728871DD4F1}.Release|Any CPU.Build.0 = Release|Any CPU
		{C6462405-588D-4FEA-9945-10AC9407E8AA}.Debug|Any CPU.ActiveCfg = Debug|Any CPU
		{C6462405-588D-4FEA-9945-10AC9407E8AA}.Debug|Any CPU.Build.0 = Debug|Any CPU
		{C6462405-588D-4FEA-9945-10AC9407E8AA}.Release|Any CPU.ActiveCfg = Release|Any CPU
		{C6462405-588D-4FEA-9945-10AC9407E8AA}.Release|Any CPU.Build.0 = Release|Any CPU
		{951C4962-DC28-47B2-AAC8-BEBB6F5A11BA}.Debug|Any CPU.ActiveCfg = Debug|Any CPU
		{951C4962-DC28-47B2-AAC8-BEBB6F5A11BA}.Debug|Any CPU.Build.0 = Debug|Any CPU
		{951C4962-DC28-47B2-AAC8-BEBB6F5A11BA}.Release|Any CPU.ActiveCfg = Release|Any CPU
		{951C4962-DC28-47B2-AAC8-BEBB6F5A11BA}.Release|Any CPU.Build.0 = Release|Any CPU
		{65FE7A66-E0D1-464B-97AB-A1F8B77720DA}.Debug|Any CPU.ActiveCfg = Debug|Any CPU
		{65FE7A66-E0D1-464B-97AB-A1F8B77720DA}.Debug|Any CPU.Build.0 = Debug|Any CPU
		{65FE7A66-E0D1-464B-97AB-A1F8B77720DA}.Release|Any CPU.ActiveCfg = Release|Any CPU
		{65FE7A66-E0D1-464B-97AB-A1F8B77720DA}.Release|Any CPU.Build.0 = Release|Any CPU
		{9C0C496F-68DB-4968-A910-8E6B6DF6DCD5}.Debug|Any CPU.ActiveCfg = Debug|Any CPU
		{9C0C496F-68DB-4968-A910-8E6B6DF6DCD5}.Debug|Any CPU.Build.0 = Debug|Any CPU
		{9C0C496F-68DB-4968-A910-8E6B6DF6DCD5}.Release|Any CPU.ActiveCfg = Release|Any CPU
		{9C0C496F-68DB-4968-A910-8E6B6DF6DCD5}.Release|Any CPU.Build.0 = Release|Any CPU
		{BB7DEB14-71A2-4D74-8524-3C5E30270692}.Debug|Any CPU.ActiveCfg = Debug|Any CPU
		{BB7DEB14-71A2-4D74-8524-3C5E30270692}.Debug|Any CPU.Build.0 = Debug|Any CPU
		{BB7DEB14-71A2-4D74-8524-3C5E30270692}.Release|Any CPU.ActiveCfg = Release|Any CPU
		{BB7DEB14-71A2-4D74-8524-3C5E30270692}.Release|Any CPU.Build.0 = Release|Any CPU
		{27A2B0F1-40DD-4932-B3A8-EA7850EF5FE1}.Debug|Any CPU.ActiveCfg = Debug|Any CPU
		{27A2B0F1-40DD-4932-B3A8-EA7850EF5FE1}.Debug|Any CPU.Build.0 = Debug|Any CPU
		{27A2B0F1-40DD-4932-B3A8-EA7850EF5FE1}.Release|Any CPU.ActiveCfg = Release|Any CPU
		{27A2B0F1-40DD-4932-B3A8-EA7850EF5FE1}.Release|Any CPU.Build.0 = Release|Any CPU
		{E67D2EBB-BBA0-479E-B524-84CC977FA38E}.Debug|Any CPU.ActiveCfg = Debug|Any CPU
		{E67D2EBB-BBA0-479E-B524-84CC977FA38E}.Debug|Any CPU.Build.0 = Debug|Any CPU
		{E67D2EBB-BBA0-479E-B524-84CC977FA38E}.Release|Any CPU.ActiveCfg = Release|Any CPU
		{E67D2EBB-BBA0-479E-B524-84CC977FA38E}.Release|Any CPU.Build.0 = Release|Any CPU
	EndGlobalSection
	GlobalSection(SolutionProperties) = preSolution
		HideSolutionNode = FALSE
	EndGlobalSection
	GlobalSection(NestedProjects) = preSolution
		{C6462405-588D-4FEA-9945-10AC9407E8AA} = {F3444059-9644-4253-9290-58DFA6BBC160}
		{951C4962-DC28-47B2-AAC8-BEBB6F5A11BA} = {F3444059-9644-4253-9290-58DFA6BBC160}
		{65FE7A66-E0D1-464B-97AB-A1F8B77720DA} = {F3444059-9644-4253-9290-58DFA6BBC160}
		{F3444059-9644-4253-9290-58DFA6BBC160} = {97C7D261-AB81-4CB9-8253-48A89D42429B}
		{47C40DCD-7831-4118-9D24-28098C926968} = {97C7D261-AB81-4CB9-8253-48A89D42429B}
		{9D436F41-B7EC-41C2-A3DA-C86C952CD510} = {97C7D261-AB81-4CB9-8253-48A89D42429B}
		{158217AE-FCBC-4333-B928-0D9FF58AD430} = {F3444059-9644-4253-9290-58DFA6BBC160}
		{27A2B0F1-40DD-4932-B3A8-EA7850EF5FE1} = {158217AE-FCBC-4333-B928-0D9FF58AD430}
		{E67D2EBB-BBA0-479E-B524-84CC977FA38E} = {F3444059-9644-4253-9290-58DFA6BBC160}
	EndGlobalSection
	GlobalSection(ExtensibilityGlobals) = postSolution
		SolutionGuid = {E29687B1-F0AF-4D5C-A547-08B96113CEFB}
	EndGlobalSection
EndGlobal
