
Microsoft Visual Studio Solution File, Format Version 12.00
# Visual Studio 15
VisualStudioVersion = 15.0.27428.2015
MinimumVisualStudioVersion = 10.0.40219.1
Project("{FAE04EC0-301F-11D3-BF4B-00C04F79EFBC}") = "DesignModel", "DesignModel\DesignModel.csproj", "{7166B100-0D1C-4895-A850-4C566B2F4CA1}"
EndProject
Global
	GlobalSection(SolutionConfigurationPlatforms) = preSolution
		Debug|Any CPU = Debug|Any CPU
		Release|Any CPU = Release|Any CPU
	EndGlobalSection
	GlobalSection(ProjectConfigurationPlatforms) = postSolution
		{7166B100-0D1C-4895-A850-4C566B2F4CA1}.Debug|Any CPU.ActiveCfg = Debug|Any CPU
		{7166B100-0D1C-4895-A850-4C566B2F4CA1}.Debug|Any CPU.Build.0 = Debug|Any CPU
		{7166B100-0D1C-4895-A850-4C566B2F4CA1}.Release|Any CPU.ActiveCfg = Release|Any CPU
		{7166B100-0D1C-4895-A850-4C566B2F4CA1}.Release|Any CPU.Build.0 = Release|Any CPU
	EndGlobalSection
	GlobalSection(SolutionProperties) = preSolution
		HideSolutionNode = FALSE
	EndGlobalSection
	GlobalSection(ExtensibilityGlobals) = postSolution
		SolutionGuid = {C96CCE05-9A7A-4B8D-8C93-EDEF74ED1FE5}
	EndGlobalSection
EndGlobal
